
Microsoft Visual Studio Solution File, Format Version 12.00
# Visual Studio 14
VisualStudioVersion = 14.0.25420.1
MinimumVisualStudioVersion = 10.0.40219.1
Project("{FAE04EC0-301F-11D3-BF4B-00C04F79EFBC}") = "SoftwareKobo.Icons", "SoftwareKobo.Icons\SoftwareKobo.Icons.csproj", "{B90104D0-C4C5-4DAB-BEC3-486100B3003D}"
EndProject
Project("{FAE04EC0-301F-11D3-BF4B-00C04F79EFBC}") = "FontAwesomeSymbolGenerator", "FontAwesomeSymbolGenerator\FontAwesomeSymbolGenerator.csproj", "{5BB4D822-DF54-4B30-847D-33B6B760D812}"
EndProject
Project("{FAE04EC0-301F-11D3-BF4B-00C04F79EFBC}") = "Demo", "Demo\Demo.csproj", "{D101E299-10FA-4891-AE38-8616B5A6B0D2}"
EndProject
Project("{FAE04EC0-301F-11D3-BF4B-00C04F79EFBC}") = "MaterialSymbolGenerator", "MaterialSymbolGenerator\MaterialSymbolGenerator.csproj", "{B4A4621C-4573-45F9-BD80-976CB23BDBC2}"
EndProject
Project("{FAE04EC0-301F-11D3-BF4B-00C04F79EFBC}") = "DashSymbolGenerator", "DashSymbolGenerator\DashSymbolGenerator.csproj", "{FC89C07C-D1CD-4F56-829C-1A03C84E625E}"
EndProject
Project("{FAE04EC0-301F-11D3-BF4B-00C04F79EFBC}") = "IconBrowser", "IconBrowser\IconBrowser.csproj", "{954BD0CD-3B17-4E01-83AD-3A32AB2E5BF1}"
EndProject
Global
	GlobalSection(SolutionConfigurationPlatforms) = preSolution
		Debug|Any CPU = Debug|Any CPU
		Debug|ARM = Debug|ARM
		Debug|x64 = Debug|x64
		Debug|x86 = Debug|x86
		Release|Any CPU = Release|Any CPU
		Release|ARM = Release|ARM
		Release|x64 = Release|x64
		Release|x86 = Release|x86
	EndGlobalSection
	GlobalSection(ProjectConfigurationPlatforms) = postSolution
		{B90104D0-C4C5-4DAB-BEC3-486100B3003D}.Debug|Any CPU.ActiveCfg = Debug|Any CPU
		{B90104D0-C4C5-4DAB-BEC3-486100B3003D}.Debug|Any CPU.Build.0 = Debug|Any CPU
		{B90104D0-C4C5-4DAB-BEC3-486100B3003D}.Debug|ARM.ActiveCfg = Debug|ARM
		{B90104D0-C4C5-4DAB-BEC3-486100B3003D}.Debug|ARM.Build.0 = Debug|ARM
		{B90104D0-C4C5-4DAB-BEC3-486100B3003D}.Debug|x64.ActiveCfg = Debug|x64
		{B90104D0-C4C5-4DAB-BEC3-486100B3003D}.Debug|x64.Build.0 = Debug|x64
		{B90104D0-C4C5-4DAB-BEC3-486100B3003D}.Debug|x86.ActiveCfg = Debug|x86
		{B90104D0-C4C5-4DAB-BEC3-486100B3003D}.Debug|x86.Build.0 = Debug|x86
		{B90104D0-C4C5-4DAB-BEC3-486100B3003D}.Release|Any CPU.ActiveCfg = Release|Any CPU
		{B90104D0-C4C5-4DAB-BEC3-486100B3003D}.Release|Any CPU.Build.0 = Release|Any CPU
		{B90104D0-C4C5-4DAB-BEC3-486100B3003D}.Release|ARM.ActiveCfg = Release|ARM
		{B90104D0-C4C5-4DAB-BEC3-486100B3003D}.Release|ARM.Build.0 = Release|ARM
		{B90104D0-C4C5-4DAB-BEC3-486100B3003D}.Release|x64.ActiveCfg = Release|x64
		{B90104D0-C4C5-4DAB-BEC3-486100B3003D}.Release|x64.Build.0 = Release|x64
		{B90104D0-C4C5-4DAB-BEC3-486100B3003D}.Release|x86.ActiveCfg = Release|x86
		{B90104D0-C4C5-4DAB-BEC3-486100B3003D}.Release|x86.Build.0 = Release|x86
		{5BB4D822-DF54-4B30-847D-33B6B760D812}.Debug|Any CPU.ActiveCfg = Debug|Any CPU
		{5BB4D822-DF54-4B30-847D-33B6B760D812}.Debug|Any CPU.Build.0 = Debug|Any CPU
		{5BB4D822-DF54-4B30-847D-33B6B760D812}.Debug|ARM.ActiveCfg = Debug|Any CPU
		{5BB4D822-DF54-4B30-847D-33B6B760D812}.Debug|ARM.Build.0 = Debug|Any CPU
		{5BB4D822-DF54-4B30-847D-33B6B760D812}.Debug|x64.ActiveCfg = Debug|Any CPU
		{5BB4D822-DF54-4B30-847D-33B6B760D812}.Debug|x64.Build.0 = Debug|Any CPU
		{5BB4D822-DF54-4B30-847D-33B6B760D812}.Debug|x86.ActiveCfg = Debug|Any CPU
		{5BB4D822-DF54-4B30-847D-33B6B760D812}.Debug|x86.Build.0 = Debug|Any CPU
		{5BB4D822-DF54-4B30-847D-33B6B760D812}.Release|Any CPU.ActiveCfg = Release|Any CPU
		{5BB4D822-DF54-4B30-847D-33B6B760D812}.Release|Any CPU.Build.0 = Release|Any CPU
		{5BB4D822-DF54-4B30-847D-33B6B760D812}.Release|ARM.ActiveCfg = Release|Any CPU
		{5BB4D822-DF54-4B30-847D-33B6B760D812}.Release|ARM.Build.0 = Release|Any CPU
		{5BB4D822-DF54-4B30-847D-33B6B760D812}.Release|x64.ActiveCfg = Release|Any CPU
		{5BB4D822-DF54-4B30-847D-33B6B760D812}.Release|x64.Build.0 = Release|Any CPU
		{5BB4D822-DF54-4B30-847D-33B6B760D812}.Release|x86.ActiveCfg = Release|Any CPU
		{5BB4D822-DF54-4B30-847D-33B6B760D812}.Release|x86.Build.0 = Release|Any CPU
		{D101E299-10FA-4891-AE38-8616B5A6B0D2}.Debug|Any CPU.ActiveCfg = Debug|x86
		{D101E299-10FA-4891-AE38-8616B5A6B0D2}.Debug|Any CPU.Build.0 = Debug|x86
		{D101E299-10FA-4891-AE38-8616B5A6B0D2}.Debug|Any CPU.Deploy.0 = Debug|x86
		{D101E299-10FA-4891-AE38-8616B5A6B0D2}.Debug|ARM.ActiveCfg = Debug|ARM
		{D101E299-10FA-4891-AE38-8616B5A6B0D2}.Debug|ARM.Build.0 = Debug|ARM
		{D101E299-10FA-4891-AE38-8616B5A6B0D2}.Debug|ARM.Deploy.0 = Debug|ARM
		{D101E299-10FA-4891-AE38-8616B5A6B0D2}.Debug|x64.ActiveCfg = Debug|x64
		{D101E299-10FA-4891-AE38-8616B5A6B0D2}.Debug|x64.Build.0 = Debug|x64
		{D101E299-10FA-4891-AE38-8616B5A6B0D2}.Debug|x64.Deploy.0 = Debug|x64
		{D101E299-10FA-4891-AE38-8616B5A6B0D2}.Debug|x86.ActiveCfg = Debug|x86
		{D101E299-10FA-4891-AE38-8616B5A6B0D2}.Debug|x86.Build.0 = Debug|x86
		{D101E299-10FA-4891-AE38-8616B5A6B0D2}.Debug|x86.Deploy.0 = Debug|x86
		{D101E299-10FA-4891-AE38-8616B5A6B0D2}.Release|Any CPU.ActiveCfg = Release|x86
		{D101E299-10FA-4891-AE38-8616B5A6B0D2}.Release|ARM.ActiveCfg = Release|ARM
		{D101E299-10FA-4891-AE38-8616B5A6B0D2}.Release|ARM.Build.0 = Release|ARM
		{D101E299-10FA-4891-AE38-8616B5A6B0D2}.Release|ARM.Deploy.0 = Release|ARM
		{D101E299-10FA-4891-AE38-8616B5A6B0D2}.Release|x64.ActiveCfg = Release|x64
		{D101E299-10FA-4891-AE38-8616B5A6B0D2}.Release|x64.Build.0 = Release|x64
		{D101E299-10FA-4891-AE38-8616B5A6B0D2}.Release|x64.Deploy.0 = Release|x64
		{D101E299-10FA-4891-AE38-8616B5A6B0D2}.Release|x86.ActiveCfg = Release|x86
		{D101E299-10FA-4891-AE38-8616B5A6B0D2}.Release|x86.Build.0 = Release|x86
		{D101E299-10FA-4891-AE38-8616B5A6B0D2}.Release|x86.Deploy.0 = Release|x86
		{B4A4621C-4573-45F9-BD80-976CB23BDBC2}.Debug|Any CPU.ActiveCfg = Debug|Any CPU
		{B4A4621C-4573-45F9-BD80-976CB23BDBC2}.Debug|Any CPU.Build.0 = Debug|Any CPU
		{B4A4621C-4573-45F9-BD80-976CB23BDBC2}.Debug|ARM.ActiveCfg = Debug|Any CPU
		{B4A4621C-4573-45F9-BD80-976CB23BDBC2}.Debug|ARM.Build.0 = Debug|Any CPU
		{B4A4621C-4573-45F9-BD80-976CB23BDBC2}.Debug|x64.ActiveCfg = Debug|Any CPU
		{B4A4621C-4573-45F9-BD80-976CB23BDBC2}.Debug|x64.Build.0 = Debug|Any CPU
		{B4A4621C-4573-45F9-BD80-976CB23BDBC2}.Debug|x86.ActiveCfg = Debug|Any CPU
		{B4A4621C-4573-45F9-BD80-976CB23BDBC2}.Debug|x86.Build.0 = Debug|Any CPU
		{B4A4621C-4573-45F9-BD80-976CB23BDBC2}.Release|Any CPU.ActiveCfg = Release|Any CPU
		{B4A4621C-4573-45F9-BD80-976CB23BDBC2}.Release|Any CPU.Build.0 = Release|Any CPU
		{B4A4621C-4573-45F9-BD80-976CB23BDBC2}.Release|ARM.ActiveCfg = Release|Any CPU
		{B4A4621C-4573-45F9-BD80-976CB23BDBC2}.Release|ARM.Build.0 = Release|Any CPU
		{B4A4621C-4573-45F9-BD80-976CB23BDBC2}.Release|x64.ActiveCfg = Release|Any CPU
		{B4A4621C-4573-45F9-BD80-976CB23BDBC2}.Release|x64.Build.0 = Release|Any CPU
		{B4A4621C-4573-45F9-BD80-976CB23BDBC2}.Release|x86.ActiveCfg = Release|Any CPU
		{B4A4621C-4573-45F9-BD80-976CB23BDBC2}.Release|x86.Build.0 = Release|Any CPU
		{FC89C07C-D1CD-4F56-829C-1A03C84E625E}.Debug|Any CPU.ActiveCfg = Debug|Any CPU
		{FC89C07C-D1CD-4F56-829C-1A03C84E625E}.Debug|Any CPU.Build.0 = Debug|Any CPU
		{FC89C07C-D1CD-4F56-829C-1A03C84E625E}.Debug|ARM.ActiveCfg = Debug|Any CPU
		{FC89C07C-D1CD-4F56-829C-1A03C84E625E}.Debug|ARM.Build.0 = Debug|Any CPU
		{FC89C07C-D1CD-4F56-829C-1A03C84E625E}.Debug|x64.ActiveCfg = Debug|Any CPU
		{FC89C07C-D1CD-4F56-829C-1A03C84E625E}.Debug|x64.Build.0 = Debug|Any CPU
		{FC89C07C-D1CD-4F56-829C-1A03C84E625E}.Debug|x86.ActiveCfg = Debug|Any CPU
		{FC89C07C-D1CD-4F56-829C-1A03C84E625E}.Debug|x86.Build.0 = Debug|Any CPU
		{FC89C07C-D1CD-4F56-829C-1A03C84E625E}.Release|Any CPU.ActiveCfg = Release|Any CPU
		{FC89C07C-D1CD-4F56-829C-1A03C84E625E}.Release|Any CPU.Build.0 = Release|Any CPU
		{FC89C07C-D1CD-4F56-829C-1A03C84E625E}.Release|ARM.ActiveCfg = Release|Any CPU
		{FC89C07C-D1CD-4F56-829C-1A03C84E625E}.Release|ARM.Build.0 = Release|Any CPU
		{FC89C07C-D1CD-4F56-829C-1A03C84E625E}.Release|x64.ActiveCfg = Release|Any CPU
		{FC89C07C-D1CD-4F56-829C-1A03C84E625E}.Release|x64.Build.0 = Release|Any CPU
		{FC89C07C-D1CD-4F56-829C-1A03C84E625E}.Release|x86.ActiveCfg = Release|Any CPU
		{FC89C07C-D1CD-4F56-829C-1A03C84E625E}.Release|x86.Build.0 = Release|Any CPU
		{954BD0CD-3B17-4E01-83AD-3A32AB2E5BF1}.Debug|Any CPU.ActiveCfg = Debug|x86
		{954BD0CD-3B17-4E01-83AD-3A32AB2E5BF1}.Debug|ARM.ActiveCfg = Debug|ARM
		{954BD0CD-3B17-4E01-83AD-3A32AB2E5BF1}.Debug|ARM.Build.0 = Debug|ARM
		{954BD0CD-3B17-4E01-83AD-3A32AB2E5BF1}.Debug|ARM.Deploy.0 = Debug|ARM
		{954BD0CD-3B17-4E01-83AD-3A32AB2E5BF1}.Debug|x64.ActiveCfg = Debug|x64
		{954BD0CD-3B17-4E01-83AD-3A32AB2E5BF1}.Debug|x64.Build.0 = Debug|x64
		{954BD0CD-3B17-4E01-83AD-3A32AB2E5BF1}.Debug|x64.Deploy.0 = Debug|x64
		{954BD0CD-3B17-4E01-83AD-3A32AB2E5BF1}.Debug|x86.ActiveCfg = Debug|x86
		{954BD0CD-3B17-4E01-83AD-3A32AB2E5BF1}.Debug|x86.Build.0 = Debug|x86
		{954BD0CD-3B17-4E01-83AD-3A32AB2E5BF1}.Debug|x86.Deploy.0 = Debug|x86
		{954BD0CD-3B17-4E01-83AD-3A32AB2E5BF1}.Release|Any CPU.ActiveCfg = Release|x86
		{954BD0CD-3B17-4E01-83AD-3A32AB2E5BF1}.Release|ARM.ActiveCfg = Release|ARM
		{954BD0CD-3B17-4E01-83AD-3A32AB2E5BF1}.Release|ARM.Build.0 = Release|ARM
		{954BD0CD-3B17-4E01-83AD-3A32AB2E5BF1}.Release|ARM.Deploy.0 = Release|ARM
		{954BD0CD-3B17-4E01-83AD-3A32AB2E5BF1}.Release|x64.ActiveCfg = Release|x64
		{954BD0CD-3B17-4E01-83AD-3A32AB2E5BF1}.Release|x64.Build.0 = Release|x64
		{954BD0CD-3B17-4E01-83AD-3A32AB2E5BF1}.Release|x64.Deploy.0 = Release|x64
		{954BD0CD-3B17-4E01-83AD-3A32AB2E5BF1}.Release|x86.ActiveCfg = Release|x86
		{954BD0CD-3B17-4E01-83AD-3A32AB2E5BF1}.Release|x86.Build.0 = Release|x86
		{954BD0CD-3B17-4E01-83AD-3A32AB2E5BF1}.Release|x86.Deploy.0 = Release|x86
	EndGlobalSection
	GlobalSection(SolutionProperties) = preSolution
		HideSolutionNode = FALSE
	EndGlobalSection
EndGlobal
